
Microsoft Visual Studio Solution File, Format Version 12.00
# Visual Studio Version 17
VisualStudioVersion = 17.3.32922.545
MinimumVisualStudioVersion = 10.0.40219.1
Project("{FAE04EC0-301F-11D3-BF4B-00C04F79EFBC}") = "log_regExceptions", "log_regExceptions.csproj", "{504F41D5-5EB4-47F9-85F5-272D93475D1B}"
EndProject
Project("{FAE04EC0-301F-11D3-BF4B-00C04F79EFBC}") = "logg", "..\logg\logg.csproj", "{FB1D8EC4-C8B8-4476-9666-1EF8BA952DCC}"
EndProject
Global
	GlobalSection(SolutionConfigurationPlatforms) = preSolution
		Debug|Any CPU = Debug|Any CPU
		Release|Any CPU = Release|Any CPU
	EndGlobalSection
	GlobalSection(ProjectConfigurationPlatforms) = postSolution
		{504F41D5-5EB4-47F9-85F5-272D93475D1B}.Debug|Any CPU.ActiveCfg = Debug|Any CPU
		{504F41D5-5EB4-47F9-85F5-272D93475D1B}.Debug|Any CPU.Build.0 = Debug|Any CPU
		{504F41D5-5EB4-47F9-85F5-272D93475D1B}.Release|Any CPU.ActiveCfg = Release|Any CPU
		{504F41D5-5EB4-47F9-85F5-272D93475D1B}.Release|Any CPU.Build.0 = Release|Any CPU
		{FB1D8EC4-C8B8-4476-9666-1EF8BA952DCC}.Debug|Any CPU.ActiveCfg = Debug|Any CPU
		{FB1D8EC4-C8B8-4476-9666-1EF8BA952DCC}.Debug|Any CPU.Build.0 = Debug|Any CPU
		{FB1D8EC4-C8B8-4476-9666-1EF8BA952DCC}.Release|Any CPU.ActiveCfg = Release|Any CPU
		{FB1D8EC4-C8B8-4476-9666-1EF8BA952DCC}.Release|Any CPU.Build.0 = Release|Any CPU
	EndGlobalSection
	GlobalSection(SolutionProperties) = preSolution
		HideSolutionNode = FALSE
	EndGlobalSection
	GlobalSection(ExtensibilityGlobals) = postSolution
		SolutionGuid = {54E6A17F-B97B-47EC-8FA1-799E92801A2B}
	EndGlobalSection
EndGlobal
